
Microsoft Visual Studio Solution File, Format Version 12.00
# Visual Studio Version 16
VisualStudioVersion = 16.0.29215.179
MinimumVisualStudioVersion = 10.0.40219.1
Project("{FAE04EC0-301F-11D3-BF4B-00C04F79EFBC}") = "DB_Form", "DB_Form\DB_Form.csproj", "{48D6225F-BE71-4A38-B231-67DEFB654511}"
EndProject
Global
	GlobalSection(SolutionConfigurationPlatforms) = preSolution
		Debug|Any CPU = Debug|Any CPU
		Release|Any CPU = Release|Any CPU
	EndGlobalSection
	GlobalSection(ProjectConfigurationPlatforms) = postSolution
		{48D6225F-BE71-4A38-B231-67DEFB654511}.Debug|Any CPU.ActiveCfg = Debug|Any CPU
		{48D6225F-BE71-4A38-B231-67DEFB654511}.Debug|Any CPU.Build.0 = Debug|Any CPU
		{48D6225F-BE71-4A38-B231-67DEFB654511}.Release|Any CPU.ActiveCfg = Release|Any CPU
		{48D6225F-BE71-4A38-B231-67DEFB654511}.Release|Any CPU.Build.0 = Release|Any CPU
	EndGlobalSection
	GlobalSection(SolutionProperties) = preSolution
		HideSolutionNode = FALSE
	EndGlobalSection
	GlobalSection(ExtensibilityGlobals) = postSolution
		SolutionGuid = {683C819B-A480-4025-9108-184E20F242E9}
	EndGlobalSection
EndGlobal
